// !$*UTF8*$!
{
	archiveVersion = 1;
	classes = {
	};
	objectVersion = 50;
	objects = {

/* Begin PBXBuildFile section */
		3C82A9AE2653744400C6D0EF /* AppDelegate.swift in Sources */ = {isa = PBXBuildFile; fileRef = 3C82A9AD2653744400C6D0EF /* AppDelegate.swift */; };
		3C82A9B02653744400C6D0EF /* SceneDelegate.swift in Sources */ = {isa = PBXBuildFile; fileRef = 3C82A9AF2653744400C6D0EF /* SceneDelegate.swift */; };
		3C82A9B22653744400C6D0EF /* ViewController.swift in Sources */ = {isa = PBXBuildFile; fileRef = 3C82A9B12653744400C6D0EF /* ViewController.swift */; };
		3C82A9B52653744400C6D0EF /* Main.storyboard in Resources */ = {isa = PBXBuildFile; fileRef = 3C82A9B32653744400C6D0EF /* Main.storyboard */; };
		3C82A9B72653744400C6D0EF /* Assets.xcassets in Resources */ = {isa = PBXBuildFile; fileRef = 3C82A9B62653744400C6D0EF /* Assets.xcassets */; };
		3C82A9BA2653744400C6D0EF /* LaunchScreen.storyboard in Resources */ = {isa = PBXBuildFile; fileRef = 3C82A9B82653744400C6D0EF /* LaunchScreen.storyboard */; };
		3C82A9C52653744400C6D0EF /* HelloWorldTests.swift in Sources */ = {isa = PBXBuildFile; fileRef = 3C82A9C42653744400C6D0EF /* HelloWorldTests.swift */; };
		3C82A9D02653744400C6D0EF /* HelloWorldUITests.swift in Sources */ = {isa = PBXBuildFile; fileRef = 3C82A9CF2653744400C6D0EF /* HelloWorldUITests.swift */; };
/* End PBXBuildFile section */

/* Begin PBXContainerItemProxy section */
		3C82A9C12653744400C6D0EF /* PBXContainerItemProxy */ = {
			isa = PBXContainerItemProxy;
			containerPortal = 3C82A9A22653744400C6D0EF /* Project object */;
			proxyType = 1;
			remoteGlobalIDString = 3C82A9A92653744400C6D0EF;
			remoteInfo = HelloWorld;
		};
		3C82A9CC2653744400C6D0EF /* PBXContainerItemProxy */ = {
			isa = PBXContainerItemProxy;
			containerPortal = 3C82A9A22653744400C6D0EF /* Project object */;
			proxyType = 1;
			remoteGlobalIDString = 3C82A9A92653744400C6D0EF;
			remoteInfo = HelloWorld;
		};
/* End PBXContainerItemProxy section */

/* Begin PBXFileReference section */
		3C82A9AA2653744400C6D0EF /* HelloWorld.app */ = {isa = PBXFileReference; explicitFileType = wrapper.application; includeInIndex = 0; path = HelloWorld.app; sourceTree = BUILT_PRODUCTS_DIR; };
		3C82A9AD2653744400C6D0EF /* AppDelegate.swift */ = {isa = PBXFileReference; lastKnownFileType = sourcecode.swift; path = AppDelegate.swift; sourceTree = "<group>"; };
		3C82A9AF2653744400C6D0EF /* SceneDelegate.swift */ = {isa = PBXFileReference; lastKnownFileType = sourcecode.swift; path = SceneDelegate.swift; sourceTree = "<group>"; };
		3C82A9B12653744400C6D0EF /* ViewController.swift */ = {isa = PBXFileReference; lastKnownFileType = sourcecode.swift; path = ViewController.swift; sourceTree = "<group>"; };
		3C82A9B42653744400C6D0EF /* Base */ = {isa = PBXFileReference; lastKnownFileType = file.storyboard; name = Base; path = Base.lproj/Main.storyboard; sourceTree = "<group>"; };
		3C82A9B62653744400C6D0EF /* Assets.xcassets */ = {isa = PBXFileReference; lastKnownFileType = folder.assetcatalog; path = Assets.xcassets; sourceTree = "<group>"; };
		3C82A9B92653744400C6D0EF /* Base */ = {isa = PBXFileReference; lastKnownFileType = file.storyboard; name = Base; path = Base.lproj/LaunchScreen.storyboard; sourceTree = "<group>"; };
		3C82A9BB2653744400C6D0EF /* Info.plist */ = {isa = PBXFileReference; lastKnownFileType = text.plist.xml; path = Info.plist; sourceTree = "<group>"; };
		3C82A9C02653744400C6D0EF /* HelloWorldTests.xctest */ = {isa = PBXFileReference; explicitFileType = wrapper.cfbundle; includeInIndex = 0; path = HelloWorldTests.xctest; sourceTree = BUILT_PRODUCTS_DIR; };
		3C82A9C42653744400C6D0EF /* HelloWorldTests.swift */ = {isa = PBXFileReference; lastKnownFileType = sourcecode.swift; path = HelloWorldTests.swift; sourceTree = "<group>"; };
		3C82A9C62653744400C6D0EF /* Info.plist */ = {isa = PBXFileReference; lastKnownFileType = text.plist.xml; path = Info.plist; sourceTree = "<group>"; };
		3C82A9CB2653744400C6D0EF /* HelloWorldUITests.xctest */ = {isa = PBXFileReference; explicitFileType = wrapper.cfbundle; includeInIndex = 0; path = HelloWorldUITests.xctest; sourceTree = BUILT_PRODUCTS_DIR; };
		3C82A9CF2653744400C6D0EF /* HelloWorldUITests.swift */ = {isa = PBXFileReference; lastKnownFileType = sourcecode.swift; path = HelloWorldUITests.swift; sourceTree = "<group>"; };
		3C82A9D12653744400C6D0EF /* Info.plist */ = {isa = PBXFileReference; lastKnownFileType = text.plist.xml; path = Info.plist; sourceTree = "<group>"; };
/* End PBXFileReference section */

/* Begin PBXFrameworksBuildPhase section */
		3C82A9A72653744400C6D0EF /* Frameworks */ = {
			isa = PBXFrameworksBuildPhase;
			buildActionMask = 2147483647;
			files = (
			);
			runOnlyForDeploymentPostprocessing = 0;
		};
		3C82A9BD2653744400C6D0EF /* Frameworks */ = {
			isa = PBXFrameworksBuildPhase;
			buildActionMask = 2147483647;
			files = (
			);
			runOnlyForDeploymentPostprocessing = 0;
		};
		3C82A9C82653744400C6D0EF /* Frameworks */ = {
			isa = PBXFrameworksBuildPhase;
			buildActionMask = 2147483647;
			files = (
			);
			runOnlyForDeploymentPostprocessing = 0;
		};
/* End PBXFrameworksBuildPhase section */

/* Begin PBXGroup section */
		3C82A9A12653744400C6D0EF = {
			isa = PBXGroup;
			children = (
				3C82A9AC2653744400C6D0EF /* HelloWorld */,
				3C82A9C32653744400C6D0EF /* HelloWorldTests */,
				3C82A9CE2653744400C6D0EF /* HelloWorldUITests */,
				3C82A9AB2653744400C6D0EF /* Products */,
			);
			sourceTree = "<group>";
		};
		3C82A9AB2653744400C6D0EF /* Products */ = {
			isa = PBXGroup;
			children = (
				3C82A9AA2653744400C6D0EF /* HelloWorld.app */,
				3C82A9C02653744400C6D0EF /* HelloWorldTests.xctest */,
				3C82A9CB2653744400C6D0EF /* HelloWorldUITests.xctest */,
			);
			name = Products;
			sourceTree = "<group>";
		};
		3C82A9AC2653744400C6D0EF /* HelloWorld */ = {
			isa = PBXGroup;
			children = (
				3C82A9AD2653744400C6D0EF /* AppDelegate.swift */,
				3C82A9AF2653744400C6D0EF /* SceneDelegate.swift */,
				3C82A9B12653744400C6D0EF /* ViewController.swift */,
				3C82A9B32653744400C6D0EF /* Main.storyboard */,
				3C82A9B62653744400C6D0EF /* Assets.xcassets */,
				3C82A9B82653744400C6D0EF /* LaunchScreen.storyboard */,
				3C82A9BB2653744400C6D0EF /* Info.plist */,
			);
			path = HelloWorld;
			sourceTree = "<group>";
		};
		3C82A9C32653744400C6D0EF /* HelloWorldTests */ = {
			isa = PBXGroup;
			children = (
				3C82A9C42653744400C6D0EF /* HelloWorldTests.swift */,
				3C82A9C62653744400C6D0EF /* Info.plist */,
			);
			path = HelloWorldTests;
			sourceTree = "<group>";
		};
		3C82A9CE2653744400C6D0EF /* HelloWorldUITests */ = {
			isa = PBXGroup;
			children = (
				3C82A9CF2653744400C6D0EF /* HelloWorldUITests.swift */,
				3C82A9D12653744400C6D0EF /* Info.plist */,
			);
			path = HelloWorldUITests;
			sourceTree = "<group>";
		};
/* End PBXGroup section */

/* Begin PBXNativeTarget section */
		3C82A9A92653744400C6D0EF /* HelloWorld */ = {
			isa = PBXNativeTarget;
			buildConfigurationList = 3C82A9D42653744400C6D0EF /* Build configuration list for PBXNativeTarget "HelloWorld" */;
			buildPhases = (
				3C82A9A62653744400C6D0EF /* Sources */,
				3C82A9A72653744400C6D0EF /* Frameworks */,
				3C82A9A82653744400C6D0EF /* Resources */,
			);
			buildRules = (
			);
			dependencies = (
			);
			name = HelloWorld;
			productName = HelloWorld;
			productReference = 3C82A9AA2653744400C6D0EF /* HelloWorld.app */;
			productType = "com.apple.product-type.application";
		};
		3C82A9BF2653744400C6D0EF /* HelloWorldTests */ = {
			isa = PBXNativeTarget;
			buildConfigurationList = 3C82A9D72653744400C6D0EF /* Build configuration list for PBXNativeTarget "HelloWorldTests" */;
			buildPhases = (
				3C82A9BC2653744400C6D0EF /* Sources */,
				3C82A9BD2653744400C6D0EF /* Frameworks */,
				3C82A9BE2653744400C6D0EF /* Resources */,
			);
			buildRules = (
			);
			dependencies = (
				3C82A9C22653744400C6D0EF /* PBXTargetDependency */,
			);
			name = HelloWorldTests;
			productName = HelloWorldTests;
			productReference = 3C82A9C02653744400C6D0EF /* HelloWorldTests.xctest */;
			productType = "com.apple.product-type.bundle.unit-test";
		};
		3C82A9CA2653744400C6D0EF /* HelloWorldUITests */ = {
			isa = PBXNativeTarget;
			buildConfigurationList = 3C82A9DA2653744400C6D0EF /* Build configuration list for PBXNativeTarget "HelloWorldUITests" */;
			buildPhases = (
				3C82A9C72653744400C6D0EF /* Sources */,
				3C82A9C82653744400C6D0EF /* Frameworks */,
				3C82A9C92653744400C6D0EF /* Resources */,
			);
			buildRules = (
			);
			dependencies = (
				3C82A9CD2653744400C6D0EF /* PBXTargetDependency */,
			);
			name = HelloWorldUITests;
			productName = HelloWorldUITests;
			productReference = 3C82A9CB2653744400C6D0EF /* HelloWorldUITests.xctest */;
			productType = "com.apple.product-type.bundle.ui-testing";
		};
/* End PBXNativeTarget section */

/* Begin PBXProject section */
		3C82A9A22653744400C6D0EF /* Project object */ = {
			isa = PBXProject;
			attributes = {
				LastSwiftUpdateCheck = 1250;
				LastUpgradeCheck = 1250;
				TargetAttributes = {
					3C82A9A92653744400C6D0EF = {
						CreatedOnToolsVersion = 12.5;
					};
					3C82A9BF2653744400C6D0EF = {
						CreatedOnToolsVersion = 12.5;
						TestTargetID = 3C82A9A92653744400C6D0EF;
					};
					3C82A9CA2653744400C6D0EF = {
						CreatedOnToolsVersion = 12.5;
						TestTargetID = 3C82A9A92653744400C6D0EF;
					};
				};
			};
			buildConfigurationList = 3C82A9A52653744400C6D0EF /* Build configuration list for PBXProject "HelloWorld" */;
			compatibilityVersion = "Xcode 9.3";
			developmentRegion = en;
			hasScannedForEncodings = 0;
			knownRegions = (
				en,
				Base,
			);
			mainGroup = 3C82A9A12653744400C6D0EF;
			productRefGroup = 3C82A9AB2653744400C6D0EF /* Products */;
			projectDirPath = "";
			projectRoot = "";
			targets = (
				3C82A9A92653744400C6D0EF /* HelloWorld */,
				3C82A9BF2653744400C6D0EF /* HelloWorldTests */,
				3C82A9CA2653744400C6D0EF /* HelloWorldUITests */,
			);
		};
/* End PBXProject section */

/* Begin PBXResourcesBuildPhase section */
		3C82A9A82653744400C6D0EF /* Resources */ = {
			isa = PBXResourcesBuildPhase;
			buildActionMask = 2147483647;
			files = (
				3C82A9BA2653744400C6D0EF /* LaunchScreen.storyboard in Resources */,
				3C82A9B72653744400C6D0EF /* Assets.xcassets in Resources */,
				3C82A9B52653744400C6D0EF /* Main.storyboard in Resources */,
			);
			runOnlyForDeploymentPostprocessing = 0;
		};
		3C82A9BE2653744400C6D0EF /* Resources */ = {
			isa = PBXResourcesBuildPhase;
			buildActionMask = 2147483647;
			files = (
			);
			runOnlyForDeploymentPostprocessing = 0;
		};
		3C82A9C92653744400C6D0EF /* Resources */ = {
			isa = PBXResourcesBuildPhase;
			buildActionMask = 2147483647;
			files = (
			);
			runOnlyForDeploymentPostprocessing = 0;
		};
/* End PBXResourcesBuildPhase section */

/* Begin PBXSourcesBuildPhase section */
		3C82A9A62653744400C6D0EF /* Sources */ = {
			isa = PBXSourcesBuildPhase;
			buildActionMask = 2147483647;
			files = (
				3C82A9B22653744400C6D0EF /* ViewController.swift in Sources */,
				3C82A9AE2653744400C6D0EF /* AppDelegate.swift in Sources */,
				3C82A9B02653744400C6D0EF /* SceneDelegate.swift in Sources */,
			);
			runOnlyForDeploymentPostprocessing = 0;
		};
		3C82A9BC2653744400C6D0EF /* Sources */ = {
			isa = PBXSourcesBuildPhase;
			buildActionMask = 2147483647;
			files = (
				3C82A9C52653744400C6D0EF /* HelloWorldTests.swift in Sources */,
			);
			runOnlyForDeploymentPostprocessing = 0;
		};
		3C82A9C72653744400C6D0EF /* Sources */ = {
			isa = PBXSourcesBuildPhase;
			buildActionMask = 2147483647;
			files = (
				3C82A9D02653744400C6D0EF /* HelloWorldUITests.swift in Sources */,
			);
			runOnlyForDeploymentPostprocessing = 0;
		};
/* End PBXSourcesBuildPhase section */

/* Begin PBXTargetDependency section */
		3C82A9C22653744400C6D0EF /* PBXTargetDependency */ = {
			isa = PBXTargetDependency;
			target = 3C82A9A92653744400C6D0EF /* HelloWorld */;
			targetProxy = 3C82A9C12653744400C6D0EF /* PBXContainerItemProxy */;
		};
		3C82A9CD2653744400C6D0EF /* PBXTargetDependency */ = {
			isa = PBXTargetDependency;
			target = 3C82A9A92653744400C6D0EF /* HelloWorld */;
			targetProxy = 3C82A9CC2653744400C6D0EF /* PBXContainerItemProxy */;
		};
/* End PBXTargetDependency section */

/* Begin PBXVariantGroup section */
		3C82A9B32653744400C6D0EF /* Main.storyboard */ = {
			isa = PBXVariantGroup;
			children = (
				3C82A9B42653744400C6D0EF /* Base */,
			);
			name = Main.storyboard;
			sourceTree = "<group>";
		};
		3C82A9B82653744400C6D0EF /* LaunchScreen.storyboard */ = {
			isa = PBXVariantGroup;
			children = (
				3C82A9B92653744400C6D0EF /* Base */,
			);
			name = LaunchScreen.storyboard;
			sourceTree = "<group>";
		};
/* End PBXVariantGroup section */

/* Begin XCBuildConfiguration section */
		3C82A9D22653744400C6D0EF /* Debug */ = {
			isa = XCBuildConfiguration;
			buildSettings = {
				ALWAYS_SEARCH_USER_PATHS = NO;
				CLANG_ANALYZER_NONNULL = YES;
				CLANG_ANALYZER_NUMBER_OBJECT_CONVERSION = YES_AGGRESSIVE;
				CLANG_CXX_LANGUAGE_STANDARD = "gnu++14";
				CLANG_CXX_LIBRARY = "libc++";
				CLANG_ENABLE_MODULES = YES;
				CLANG_ENABLE_OBJC_ARC = YES;
				CLANG_ENABLE_OBJC_WEAK = YES;
				CLANG_WARN_BLOCK_CAPTURE_AUTORELEASING = YES;
				CLANG_WARN_BOOL_CONVERSION = YES;
				CLANG_WARN_COMMA = YES;
				CLANG_WARN_CONSTANT_CONVERSION = YES;
				CLANG_WARN_DEPRECATED_OBJC_IMPLEMENTATIONS = YES;
				CLANG_WARN_DIRECT_OBJC_ISA_USAGE = YES_ERROR;
				CLANG_WARN_DOCUMENTATION_COMMENTS = YES;
				CLANG_WARN_EMPTY_BODY = YES;
				CLANG_WARN_ENUM_CONVERSION = YES;
				CLANG_WARN_INFINITE_RECURSION = YES;
				CLANG_WARN_INT_CONVERSION = YES;
				CLANG_WARN_NON_LITERAL_NULL_CONVERSION = YES;
				CLANG_WARN_OBJC_IMPLICIT_RETAIN_SELF = YES;
				CLANG_WARN_OBJC_LITERAL_CONVERSION = YES;
				CLANG_WARN_OBJC_ROOT_CLASS = YES_ERROR;
				CLANG_WARN_QUOTED_INCLUDE_IN_FRAMEWORK_HEADER = YES;
				CLANG_WARN_RANGE_LOOP_ANALYSIS = YES;
				CLANG_WARN_STRICT_PROTOTYPES = YES;
				CLANG_WARN_SUSPICIOUS_MOVE = YES;
				CLANG_WARN_UNGUARDED_AVAILABILITY = YES_AGGRESSIVE;
				CLANG_WARN_UNREACHABLE_CODE = YES;
				CLANG_WARN__DUPLICATE_METHOD_MATCH = YES;
				COPY_PHASE_STRIP = NO;
				DEBUG_INFORMATION_FORMAT = dwarf;
				ENABLE_STRICT_OBJC_MSGSEND = YES;
				ENABLE_TESTABILITY = YES;
				GCC_C_LANGUAGE_STANDARD = gnu11;
				GCC_DYNAMIC_NO_PIC = NO;
				GCC_NO_COMMON_BLOCKS = YES;
				GCC_OPTIMIZATION_LEVEL = 0;
				GCC_PREPROCESSOR_DEFINITIONS = (
					"DEBUG=1",
					"$(inherited)",
				);
				GCC_WARN_64_TO_32_BIT_CONVERSION = YES;
				GCC_WARN_ABOUT_RETURN_TYPE = YES_ERROR;
				GCC_WARN_UNDECLARED_SELECTOR = YES;
				GCC_WARN_UNINITIALIZED_AUTOS = YES_AGGRESSIVE;
				GCC_WARN_UNUSED_FUNCTION = YES;
				GCC_WARN_UNUSED_VARIABLE = YES;
				IPHONEOS_DEPLOYMENT_TARGET = 14.5;
				MTL_ENABLE_DEBUG_INFO = INCLUDE_SOURCE;
				MTL_FAST_MATH = YES;
				ONLY_ACTIVE_ARCH = YES;
				SDKROOT = iphoneos;
				SWIFT_ACTIVE_COMPILATION_CONDITIONS = DEBUG;
				SWIFT_OPTIMIZATION_LEVEL = "-Onone";
			};
			name = Debug;
		};
		3C82A9D32653744400C6D0EF /* Release */ = {
			isa = XCBuildConfiguration;
			buildSettings = {
				ALWAYS_SEARCH_USER_PATHS = NO;
				CLANG_ANALYZER_NONNULL = YES;
				CLANG_ANALYZER_NUMBER_OBJECT_CONVERSION = YES_AGGRESSIVE;
				CLANG_CXX_LANGUAGE_STANDARD = "gnu++14";
				CLANG_CXX_LIBRARY = "libc++";
				CLANG_ENABLE_MODULES = YES;
				CLANG_ENABLE_OBJC_ARC = YES;
				CLANG_ENABLE_OBJC_WEAK = YES;
				CLANG_WARN_BLOCK_CAPTURE_AUTORELEASING = YES;
				CLANG_WARN_BOOL_CONVERSION = YES;
				CLANG_WARN_COMMA = YES;
				CLANG_WARN_CONSTANT_CONVERSION = YES;
				CLANG_WARN_DEPRECATED_OBJC_IMPLEMENTATIONS = YES;
				CLANG_WARN_DIRECT_OBJC_ISA_USAGE = YES_ERROR;
				CLANG_WARN_DOCUMENTATION_COMMENTS = YES;
				CLANG_WARN_EMPTY_BODY = YES;
				CLANG_WARN_ENUM_CONVERSION = YES;
				CLANG_WARN_INFINITE_RECURSION = YES;
				CLANG_WARN_INT_CONVERSION = YES;
				CLANG_WARN_NON_LITERAL_NULL_CONVERSION = YES;
				CLANG_WARN_OBJC_IMPLICIT_RETAIN_SELF = YES;
				CLANG_WARN_OBJC_LITERAL_CONVERSION = YES;
				CLANG_WARN_OBJC_ROOT_CLASS = YES_ERROR;
				CLANG_WARN_QUOTED_INCLUDE_IN_FRAMEWORK_HEADER = YES;
				CLANG_WARN_RANGE_LOOP_ANALYSIS = YES;
				CLANG_WARN_STRICT_PROTOTYPES = YES;
				CLANG_WARN_SUSPICIOUS_MOVE = YES;
				CLANG_WARN_UNGUARDED_AVAILABILITY = YES_AGGRESSIVE;
				CLANG_WARN_UNREACHABLE_CODE = YES;
				CLANG_WARN__DUPLICATE_METHOD_MATCH = YES;
				COPY_PHASE_STRIP = NO;
				DEBUG_INFORMATION_FORMAT = "dwarf-with-dsym";
				ENABLE_NS_ASSERTIONS = NO;
				ENABLE_STRICT_OBJC_MSGSEND = YES;
				GCC_C_LANGUAGE_STANDARD = gnu11;
				GCC_NO_COMMON_BLOCKS = YES;
				GCC_WARN_64_TO_32_BIT_CONVERSION = YES;
				GCC_WARN_ABOUT_RETURN_TYPE = YES_ERROR;
				GCC_WARN_UNDECLARED_SELECTOR = YES;
				GCC_WARN_UNINITIALIZED_AUTOS = YES_AGGRESSIVE;
				GCC_WARN_UNUSED_FUNCTION = YES;
				GCC_WARN_UNUSED_VARIABLE = YES;
				IPHONEOS_DEPLOYMENT_TARGET = 14.5;
				MTL_ENABLE_DEBUG_INFO = NO;
				MTL_FAST_MATH = YES;
				SDKROOT = iphoneos;
				SWIFT_COMPILATION_MODE = wholemodule;
				SWIFT_OPTIMIZATION_LEVEL = "-O";
				VALIDATE_PRODUCT = YES;
			};
			name = Release;
		};
		3C82A9D52653744400C6D0EF /* Debug */ = {
			isa = XCBuildConfiguration;
			buildSettings = {
				ASSETCATALOG_COMPILER_APPICON_NAME = AppIcon;
				ASSETCATALOG_COMPILER_GLOBAL_ACCENT_COLOR_NAME = AccentColor;
				CODE_SIGN_STYLE = Automatic;
				DEVELOPMENT_TEAM = 3XC9C6N3P4;
				INFOPLIST_FILE = HelloWorld/Info.plist;
				LD_RUNPATH_SEARCH_PATHS = (
					"$(inherited)",
					"@executable_path/Frameworks",
				);
				PRODUCT_BUNDLE_IDENTIFIER = shingu.HelloWorld;
				PRODUCT_NAME = "$(TARGET_NAME)";
				SWIFT_VERSION = 5.0;
				TARGETED_DEVICE_FAMILY = "1,2";
			};
			name = Debug;
		};
		3C82A9D62653744400C6D0EF /* Release */ = {
			isa = XCBuildConfiguration;
			buildSettings = {
				ASSETCATALOG_COMPILER_APPICON_NAME = AppIcon;
				ASSETCATALOG_COMPILER_GLOBAL_ACCENT_COLOR_NAME = AccentColor;
				CODE_SIGN_STYLE = Automatic;
				DEVELOPMENT_TEAM = 3XC9C6N3P4;
				INFOPLIST_FILE = HelloWorld/Info.plist;
				LD_RUNPATH_SEARCH_PATHS = (
					"$(inherited)",
					"@executable_path/Frameworks",
				);
				PRODUCT_BUNDLE_IDENTIFIER = shingu.HelloWorld;
				PRODUCT_NAME = "$(TARGET_NAME)";
				SWIFT_VERSION = 5.0;
				TARGETED_DEVICE_FAMILY = "1,2";
			};
			name = Release;
		};
		3C82A9D82653744400C6D0EF /* Debug */ = {
			isa = XCBuildConfiguration;
			buildSettings = {
				ALWAYS_EMBED_SWIFT_STANDARD_LIBRARIES = YES;
				BUNDLE_LOADER = "$(TEST_HOST)";
				CODE_SIGN_STYLE = Automatic;
				DEVELOPMENT_TEAM = 3XC9C6N3P4;
				INFOPLIST_FILE = HelloWorldTests/Info.plist;
				IPHONEOS_DEPLOYMENT_TARGET = 14.5;
				LD_RUNPATH_SEARCH_PATHS = (
					"$(inherited)",
					"@executable_path/Frameworks",
					"@loader_path/Frameworks",
				);
				PRODUCT_BUNDLE_IDENTIFIER = shingu.HelloWorldTests;
				PRODUCT_NAME = "$(TARGET_NAME)";
				SWIFT_VERSION = 5.0;
				TARGETED_DEVICE_FAMILY = "1,2";
				TEST_HOST = "$(BUILT_PRODUCTS_DIR)/HelloWorld.app/HelloWorld";
			};
			name = Debug;
		};
		3C82A9D92653744400C6D0EF /* Release */ = {
			isa = XCBuildConfiguration;
			buildSettings = {
				ALWAYS_EMBED_SWIFT_STANDARD_LIBRARIES = YES;
				BUNDLE_LOADER = "$(TEST_HOST)";
				CODE_SIGN_STYLE = Automatic;
				DEVELOPMENT_TEAM = 3XC9C6N3P4;
				INFOPLIST_FILE = HelloWorldTests/Info.plist;
				IPHONEOS_DEPLOYMENT_TARGET = 14.5;
				LD_RUNPATH_SEARCH_PATHS = (
					"$(inherited)",
					"@executable_path/Frameworks",
					"@loader_path/Frameworks",
				);
				PRODUCT_BUNDLE_IDENTIFIER = shingu.HelloWorldTests;
				PRODUCT_NAME = "$(TARGET_NAME)";
				SWIFT_VERSION = 5.0;
				TARGETED_DEVICE_FAMILY = "1,2";
				TEST_HOST = "$(BUILT_PRODUCTS_DIR)/HelloWorld.app/HelloWorld";
			};
			name = Release;
		};
		3C82A9DB2653744400C6D0EF /* Debug */ = {
			isa = XCBuildConfiguration;
			buildSettings = {
				ALWAYS_EMBED_SWIFT_STANDARD_LIBRARIES = YES;
				CODE_SIGN_STYLE = Automatic;
				DEVELOPMENT_TEAM = 3XC9C6N3P4;
				INFOPLIST_FILE = HelloWorldUITests/Info.plist;
				LD_RUNPATH_SEARCH_PATHS = (
					"$(inherited)",
					"@executable_path/Frameworks",
					"@loader_path/Frameworks",
				);
				PRODUCT_BUNDLE_IDENTIFIER = shingu.HelloWorldUITests;
				PRODUCT_NAME = "$(TARGET_NAME)";
				SWIFT_VERSION = 5.0;
				TARGETED_DEVICE_FAMILY = "1,2";
				TEST_TARGET_NAME = HelloWorld;
			};
			name = Debug;
		};
		3C82A9DC2653744400C6D0EF /* Release */ = {
			isa = XCBuildConfiguration;
			buildSettings = {
				ALWAYS_EMBED_SWIFT_STANDARD_LIBRARIES = YES;
				CODE_SIGN_STYLE = Automatic;
				DEVELOPMENT_TEAM = 3XC9C6N3P4;
				INFOPLIST_FILE = HelloWorldUITests/Info.plist;
				LD_RUNPATH_SEARCH_PATHS = (
					"$(inherited)",
					"@executable_path/Frameworks",
					"@loader_path/Frameworks",
				);
				PRODUCT_BUNDLE_IDENTIFIER = shingu.HelloWorldUITests;
				PRODUCT_NAME = "$(TARGET_NAME)";
				SWIFT_VERSION = 5.0;
				TARGETED_DEVICE_FAMILY = "1,2";
				TEST_TARGET_NAME = HelloWorld;
			};
			name = Release;
		};
/* End XCBuildConfiguration section */

/* Begin XCConfigurationList section */
		3C82A9A52653744400C6D0EF /* Build configuration list for PBXProject "HelloWorld" */ = {
			isa = XCConfigurationList;
			buildConfigurations = (
				3C82A9D22653744400C6D0EF /* Debug */,
				3C82A9D32653744400C6D0EF /* Release */,
			);
			defaultConfigurationIsVisible = 0;
			defaultConfigurationName = Release;
		};
		3C82A9D42653744400C6D0EF /* Build configuration list for PBXNativeTarget "HelloWorld" */ = {
			isa = XCConfigurationList;
			buildConfigurations = (
				3C82A9D52653744400C6D0EF /* Debug */,
				3C82A9D62653744400C6D0EF /* Release */,
			);
			defaultConfigurationIsVisible = 0;
			defaultConfigurationName = Release;
		};
		3C82A9D72653744400C6D0EF /* Build configuration list for PBXNativeTarget "HelloWorldTests" */ = {
			isa = XCConfigurationList;
			buildConfigurations = (
				3C82A9D82653744400C6D0EF /* Debug */,
				3C82A9D92653744400C6D0EF /* Release */,
			);
			defaultConfigurationIsVisible = 0;
			defaultConfigurationName = Release;
		};
		3C82A9DA2653744400C6D0EF /* Build configuration list for PBXNativeTarget "HelloWorldUITests" */ = {
			isa = XCConfigurationList;
			buildConfigurations = (
				3C82A9DB2653744400C6D0EF /* Debug */,
				3C82A9DC2653744400C6D0EF /* Release */,
			);
			defaultConfigurationIsVisible = 0;
			defaultConfigurationName = Release;
		};
/* End XCConfigurationList section */
	};
	rootObject = 3C82A9A22653744400C6D0EF /* Project object */;
}
